
Microsoft Visual Studio Solution File, Format Version 12.00
# Visual Studio Version 17
VisualStudioVersion = 17.4.33213.308
MinimumVisualStudioVersion = 10.0.40219.1
Project("{FAE04EC0-301F-11D3-BF4B-00C04F79EFBC}") = "CodeMazeUltimateASPNetCore", "CodeMazeUltimateASPNetCore\CodeMazeUltimateASPNetCore.csproj", "{2C8B946F-849E-4FC4-840D-494876AF5BB0}"
EndProject
Project("{FAE04EC0-301F-11D3-BF4B-00C04F79EFBC}") = "Contracts", "Contracts\Contracts.csproj", "{F7EA70A9-B9AC-4B15-BCC0-63E2D86E1B39}"
EndProject
Project("{FAE04EC0-301F-11D3-BF4B-00C04F79EFBC}") = "LoggerService", "LoggerService\LoggerService.csproj", "{FF83BA0F-BF1B-4D7C-B405-2679051A77C8}"
EndProject
Project("{FAE04EC0-301F-11D3-BF4B-00C04F79EFBC}") = "Entities", "Entities\Entities.csproj", "{B8D4806B-F10F-4816-B763-3CEBD979DABC}"
EndProject
Project("{FAE04EC0-301F-11D3-BF4B-00C04F79EFBC}") = "Repository", "Repository\Repository.csproj", "{819C8AFC-EFAF-4336-A00F-827C7EBA7AB5}"
EndProject
Project("{FAE04EC0-301F-11D3-BF4B-00C04F79EFBC}") = "Service", "Service\Service.csproj", "{56D7A7B2-C678-4BFE-AE0C-490B91F10AA6}"
EndProject
Project("{FAE04EC0-301F-11D3-BF4B-00C04F79EFBC}") = "Service.Contracts", "Service.Contracts\Service.Contracts.csproj", "{CE5A50BE-B64A-4E89-A690-D4EDD63ACFF7}"
EndProject
Project("{FAE04EC0-301F-11D3-BF4B-00C04F79EFBC}") = "CompanyEmployees.Presentation", "CompanyEmployees.Presentation\CompanyEmployees.Presentation.csproj", "{B9D7098A-CBD6-4623-ABD3-36DDAD2499BF}"
EndProject
Project("{FAE04EC0-301F-11D3-BF4B-00C04F79EFBC}") = "Shared", "Shared\Shared.csproj", "{1078BA26-8A7B-44CB-AD3E-902201B350F6}"
EndProject
Global
	GlobalSection(SolutionConfigurationPlatforms) = preSolution
		Debug|Any CPU = Debug|Any CPU
		Release|Any CPU = Release|Any CPU
	EndGlobalSection
	GlobalSection(ProjectConfigurationPlatforms) = postSolution
		{2C8B946F-849E-4FC4-840D-494876AF5BB0}.Debug|Any CPU.ActiveCfg = Debug|Any CPU
		{2C8B946F-849E-4FC4-840D-494876AF5BB0}.Debug|Any CPU.Build.0 = Debug|Any CPU
		{2C8B946F-849E-4FC4-840D-494876AF5BB0}.Release|Any CPU.ActiveCfg = Release|Any CPU
		{2C8B946F-849E-4FC4-840D-494876AF5BB0}.Release|Any CPU.Build.0 = Release|Any CPU
		{F7EA70A9-B9AC-4B15-BCC0-63E2D86E1B39}.Debug|Any CPU.ActiveCfg = Debug|Any CPU
		{F7EA70A9-B9AC-4B15-BCC0-63E2D86E1B39}.Debug|Any CPU.Build.0 = Debug|Any CPU
		{F7EA70A9-B9AC-4B15-BCC0-63E2D86E1B39}.Release|Any CPU.ActiveCfg = Release|Any CPU
		{F7EA70A9-B9AC-4B15-BCC0-63E2D86E1B39}.Release|Any CPU.Build.0 = Release|Any CPU
		{FF83BA0F-BF1B-4D7C-B405-2679051A77C8}.Debug|Any CPU.ActiveCfg = Debug|Any CPU
		{FF83BA0F-BF1B-4D7C-B405-2679051A77C8}.Debug|Any CPU.Build.0 = Debug|Any CPU
		{FF83BA0F-BF1B-4D7C-B405-2679051A77C8}.Release|Any CPU.ActiveCfg = Release|Any CPU
		{FF83BA0F-BF1B-4D7C-B405-2679051A77C8}.Release|Any CPU.Build.0 = Release|Any CPU
		{B8D4806B-F10F-4816-B763-3CEBD979DABC}.Debug|Any CPU.ActiveCfg = Debug|Any CPU
		{B8D4806B-F10F-4816-B763-3CEBD979DABC}.Debug|Any CPU.Build.0 = Debug|Any CPU
		{B8D4806B-F10F-4816-B763-3CEBD979DABC}.Release|Any CPU.ActiveCfg = Release|Any CPU
		{B8D4806B-F10F-4816-B763-3CEBD979DABC}.Release|Any CPU.Build.0 = Release|Any CPU
		{819C8AFC-EFAF-4336-A00F-827C7EBA7AB5}.Debug|Any CPU.ActiveCfg = Debug|Any CPU
		{819C8AFC-EFAF-4336-A00F-827C7EBA7AB5}.Debug|Any CPU.Build.0 = Debug|Any CPU
		{819C8AFC-EFAF-4336-A00F-827C7EBA7AB5}.Release|Any CPU.ActiveCfg = Release|Any CPU
		{819C8AFC-EFAF-4336-A00F-827C7EBA7AB5}.Release|Any CPU.Build.0 = Release|Any CPU
		{56D7A7B2-C678-4BFE-AE0C-490B91F10AA6}.Debug|Any CPU.ActiveCfg = Debug|Any CPU
		{56D7A7B2-C678-4BFE-AE0C-490B91F10AA6}.Debug|Any CPU.Build.0 = Debug|Any CPU
		{56D7A7B2-C678-4BFE-AE0C-490B91F10AA6}.Release|Any CPU.ActiveCfg = Release|Any CPU
		{56D7A7B2-C678-4BFE-AE0C-490B91F10AA6}.Release|Any CPU.Build.0 = Release|Any CPU
		{CE5A50BE-B64A-4E89-A690-D4EDD63ACFF7}.Debug|Any CPU.ActiveCfg = Debug|Any CPU
		{CE5A50BE-B64A-4E89-A690-D4EDD63ACFF7}.Debug|Any CPU.Build.0 = Debug|Any CPU
		{CE5A50BE-B64A-4E89-A690-D4EDD63ACFF7}.Release|Any CPU.ActiveCfg = Release|Any CPU
		{CE5A50BE-B64A-4E89-A690-D4EDD63ACFF7}.Release|Any CPU.Build.0 = Release|Any CPU
		{B9D7098A-CBD6-4623-ABD3-36DDAD2499BF}.Debug|Any CPU.ActiveCfg = Debug|Any CPU
		{B9D7098A-CBD6-4623-ABD3-36DDAD2499BF}.Debug|Any CPU.Build.0 = Debug|Any CPU
		{B9D7098A-CBD6-4623-ABD3-36DDAD2499BF}.Release|Any CPU.ActiveCfg = Release|Any CPU
		{B9D7098A-CBD6-4623-ABD3-36DDAD2499BF}.Release|Any CPU.Build.0 = Release|Any CPU
		{1078BA26-8A7B-44CB-AD3E-902201B350F6}.Debug|Any CPU.ActiveCfg = Debug|Any CPU
		{1078BA26-8A7B-44CB-AD3E-902201B350F6}.Debug|Any CPU.Build.0 = Debug|Any CPU
		{1078BA26-8A7B-44CB-AD3E-902201B350F6}.Release|Any CPU.ActiveCfg = Release|Any CPU
		{1078BA26-8A7B-44CB-AD3E-902201B350F6}.Release|Any CPU.Build.0 = Release|Any CPU
	EndGlobalSection
	GlobalSection(SolutionProperties) = preSolution
		HideSolutionNode = FALSE
	EndGlobalSection
	GlobalSection(ExtensibilityGlobals) = postSolution
		SolutionGuid = {0B4235EC-4764-435E-8D1B-F3C3DFF76A69}
	EndGlobalSection
EndGlobal
